
Microsoft Visual Studio Solution File, Format Version 12.00
# Visual Studio Version 17
VisualStudioVersion = 17.5.002.0
MinimumVisualStudioVersion = 10.0.40219.1
Project("{9A19103F-16F7-4668-BE54-9A1E7A4F7556}") = "backend", "backend\backend.csproj", "{7CCA02EA-D4C6-436C-A6E7-F9E649AE7BE4}"
EndProject
Global
	GlobalSection(SolutionConfigurationPlatforms) = preSolution
		Debug|Any CPU = Debug|Any CPU
		Release|Any CPU = Release|Any CPU
	EndGlobalSection
	GlobalSection(ProjectConfigurationPlatforms) = postSolution
		{7CCA02EA-D4C6-436C-A6E7-F9E649AE7BE4}.Debug|Any CPU.ActiveCfg = Debug|Any CPU
		{7CCA02EA-D4C6-436C-A6E7-F9E649AE7BE4}.Debug|Any CPU.Build.0 = Debug|Any CPU
		{7CCA02EA-D4C6-436C-A6E7-F9E649AE7BE4}.Release|Any CPU.ActiveCfg = Release|Any CPU
		{7CCA02EA-D4C6-436C-A6E7-F9E649AE7BE4}.Release|Any CPU.Build.0 = Release|Any CPU
	EndGlobalSection
	GlobalSection(SolutionProperties) = preSolution
		HideSolutionNode = FALSE
	EndGlobalSection
	GlobalSection(ExtensibilityGlobals) = postSolution
		SolutionGuid = {0999830B-BBC9-48EF-81F2-4C8AD92A4FAC}
	EndGlobalSection
EndGlobal
