
Microsoft Visual Studio Solution File, Format Version 12.00
# Visual Studio Version 17
VisualStudioVersion = 17.5.002.0
MinimumVisualStudioVersion = 10.0.40219.1
Project("{9A19103F-16F7-4668-BE54-9A1E7A4F7556}") = "backend", "backend.csproj", "{B517F4AD-D44E-401E-966B-EEC58D5B224C}"
EndProject
Global
	GlobalSection(SolutionConfigurationPlatforms) = preSolution
		Debug|Any CPU = Debug|Any CPU
		Release|Any CPU = Release|Any CPU
	EndGlobalSection
	GlobalSection(ProjectConfigurationPlatforms) = postSolution
		{B517F4AD-D44E-401E-966B-EEC58D5B224C}.Debug|Any CPU.ActiveCfg = Debug|Any CPU
		{B517F4AD-D44E-401E-966B-EEC58D5B224C}.Debug|Any CPU.Build.0 = Debug|Any CPU
		{B517F4AD-D44E-401E-966B-EEC58D5B224C}.Release|Any CPU.ActiveCfg = Release|Any CPU
		{B517F4AD-D44E-401E-966B-EEC58D5B224C}.Release|Any CPU.Build.0 = Release|Any CPU
	EndGlobalSection
	GlobalSection(SolutionProperties) = preSolution
		HideSolutionNode = FALSE
	EndGlobalSection
	GlobalSection(ExtensibilityGlobals) = postSolution
		SolutionGuid = {2AE784E3-7CEE-4B8B-9D77-DF03607A4382}
	EndGlobalSection
EndGlobal
